# This file is automatically @generated by Cargo.
# It is not intended for manual editing.
version = 4

[[package]]
name = "tzlint_abi"
version = "0.0.0"
dependencies = [
 "tzlint_ast",
]

[[package]]
name = "tzlint_ast"
version = "0.0.0"

[[package]]
name = "tzlint_cli"
version = "0.0.0"
dependencies = [
 "tzlint_core",
 "tzlint_rules",
]

[[package]]
name = "tzlint_core"
version = "0.0.0"
dependencies = [
 "tzlint_ast",
]

[[package]]
name = "tzlint_lsp"
version = "0.0.0"
dependencies = [
 "tzlint_core",
]

[[package]]
name = "tzlint_pdk"
version = "0.0.0"
dependencies = [
 "tzlint_ast",
]

[[package]]
name = "tzlint_rules"
version = "0.0.0"
dependencies = [
 "tzlint_ast",
 "tzlint_core",
]
